
Microsoft Visual Studio Solution File, Format Version 12.00
Project("{FAE04EC0-301F-11D3-BF4B-00C04F79EFBC}") = "Exam", "Exam\Exam.csproj", "{F161B4F8-F407-469B-805F-C7D4E5D5EFF7}"
EndProject
Project("{2150E333-8FDC-42A3-9474-1A3956D46DE8}") = "SolutionFolder1", "SolutionFolder1", "{C68ACEA3-AED6-48AC-9ABA-991ED82F4786}"
EndProject
Global
	GlobalSection(SolutionConfigurationPlatforms) = preSolution
		Debug|Any CPU = Debug|Any CPU
		Release|Any CPU = Release|Any CPU
	EndGlobalSection
	GlobalSection(ProjectConfigurationPlatforms) = postSolution
		{F161B4F8-F407-469B-805F-C7D4E5D5EFF7}.Debug|Any CPU.ActiveCfg = Debug|Any CPU
		{F161B4F8-F407-469B-805F-C7D4E5D5EFF7}.Debug|Any CPU.Build.0 = Debug|Any CPU
		{F161B4F8-F407-469B-805F-C7D4E5D5EFF7}.Release|Any CPU.ActiveCfg = Release|Any CPU
		{F161B4F8-F407-469B-805F-C7D4E5D5EFF7}.Release|Any CPU.Build.0 = Release|Any CPU
	EndGlobalSection
EndGlobal
